// !$*UTF8*$!
{
	archiveVersion = 1;
	classes = {
	};
	objectVersion = 50;
	objects = {

/* Begin PBXBuildFile section */
		C6141BB023BBBE53002D576B /* ArtistViewController.swift in Sources */ = {isa = PBXBuildFile; fileRef = C6141BAF23BBBE53002D576B /* ArtistViewController.swift */; };
		C6141BB223BBC34E002D576B /* ArtistCell.swift in Sources */ = {isa = PBXBuildFile; fileRef = C6141BB123BBC34E002D576B /* ArtistCell.swift */; };
		C635D94823B7D2CF00E97F84 /* AppDelegate.swift in Sources */ = {isa = PBXBuildFile; fileRef = C635D94723B7D2CF00E97F84 /* AppDelegate.swift */; };
		C635D94A23B7D2CF00E97F84 /* SceneDelegate.swift in Sources */ = {isa = PBXBuildFile; fileRef = C635D94923B7D2CF00E97F84 /* SceneDelegate.swift */; };
		C635D94C23B7D2CF00E97F84 /* SearchViewController.swift in Sources */ = {isa = PBXBuildFile; fileRef = C635D94B23B7D2CF00E97F84 /* SearchViewController.swift */; };
		C635D94F23B7D2CF00E97F84 /* Main.storyboard in Resources */ = {isa = PBXBuildFile; fileRef = C635D94D23B7D2CF00E97F84 /* Main.storyboard */; };
		C635D95123B7D2D300E97F84 /* Assets.xcassets in Resources */ = {isa = PBXBuildFile; fileRef = C635D95023B7D2D300E97F84 /* Assets.xcassets */; };
		C635D95423B7D2D300E97F84 /* LaunchScreen.storyboard in Resources */ = {isa = PBXBuildFile; fileRef = C635D95223B7D2D300E97F84 /* LaunchScreen.storyboard */; };
		C635D95F23B7D2D300E97F84 /* ArtFinderTests.swift in Sources */ = {isa = PBXBuildFile; fileRef = C635D95E23B7D2D300E97F84 /* ArtFinderTests.swift */; };
		C635D96A23B7E5CF00E97F84 /* ArtistResults.swift in Sources */ = {isa = PBXBuildFile; fileRef = C635D96923B7E5CF00E97F84 /* ArtistResults.swift */; };
		C635D96C23B7E90600E97F84 /* ArtistInfo.swift in Sources */ = {isa = PBXBuildFile; fileRef = C635D96B23B7E90600E97F84 /* ArtistInfo.swift */; };
		C635D96E23B80E0700E97F84 /* Artwork.swift in Sources */ = {isa = PBXBuildFile; fileRef = C635D96D23B80E0700E97F84 /* Artwork.swift */; };
		C635D97123B811BD00E97F84 /* NetworkHelper.swift in Sources */ = {isa = PBXBuildFile; fileRef = C635D97023B811BD00E97F84 /* NetworkHelper.swift */; };
		C635D97423B8121200E97F84 /* AppError.swift in Sources */ = {isa = PBXBuildFile; fileRef = C635D97323B8121200E97F84 /* AppError.swift */; };
		C635D97623B8129000E97F84 /* ShowAlert.swift in Sources */ = {isa = PBXBuildFile; fileRef = C635D97523B8129000E97F84 /* ShowAlert.swift */; };
		C635D97823B8131500E97F84 /* ImageViewExt.swift in Sources */ = {isa = PBXBuildFile; fileRef = C635D97723B8131500E97F84 /* ImageViewExt.swift */; };
		C635D97A23B8134A00E97F84 /* ArtFinderAPIClient.swift in Sources */ = {isa = PBXBuildFile; fileRef = C635D97923B8134A00E97F84 /* ArtFinderAPIClient.swift */; };
		C6597E0D23BAA41F00F2F48B /* SearchCell.swift in Sources */ = {isa = PBXBuildFile; fileRef = C6597E0C23BAA41F00F2F48B /* SearchCell.swift */; };
/* End PBXBuildFile section */

/* Begin PBXContainerItemProxy section */
		C635D95B23B7D2D300E97F84 /* PBXContainerItemProxy */ = {
			isa = PBXContainerItemProxy;
			containerPortal = C635D93C23B7D2CF00E97F84 /* Project object */;
			proxyType = 1;
			remoteGlobalIDString = C635D94323B7D2CF00E97F84;
			remoteInfo = ArtFinder;
		};
/* End PBXContainerItemProxy section */

/* Begin PBXFileReference section */
		C6141BAF23BBBE53002D576B /* ArtistViewController.swift */ = {isa = PBXFileReference; lastKnownFileType = sourcecode.swift; path = ArtistViewController.swift; sourceTree = "<group>"; };
		C6141BB123BBC34E002D576B /* ArtistCell.swift */ = {isa = PBXFileReference; lastKnownFileType = sourcecode.swift; path = ArtistCell.swift; sourceTree = "<group>"; };
		C635D94423B7D2CF00E97F84 /* ArtFinder.app */ = {isa = PBXFileReference; explicitFileType = wrapper.application; includeInIndex = 0; path = ArtFinder.app; sourceTree = BUILT_PRODUCTS_DIR; };
		C635D94723B7D2CF00E97F84 /* AppDelegate.swift */ = {isa = PBXFileReference; lastKnownFileType = sourcecode.swift; path = AppDelegate.swift; sourceTree = "<group>"; };
		C635D94923B7D2CF00E97F84 /* SceneDelegate.swift */ = {isa = PBXFileReference; lastKnownFileType = sourcecode.swift; path = SceneDelegate.swift; sourceTree = "<group>"; };
		C635D94B23B7D2CF00E97F84 /* SearchViewController.swift */ = {isa = PBXFileReference; lastKnownFileType = sourcecode.swift; path = SearchViewController.swift; sourceTree = "<group>"; };
		C635D94E23B7D2CF00E97F84 /* Base */ = {isa = PBXFileReference; lastKnownFileType = file.storyboard; name = Base; path = Base.lproj/Main.storyboard; sourceTree = "<group>"; };
		C635D95023B7D2D300E97F84 /* Assets.xcassets */ = {isa = PBXFileReference; lastKnownFileType = folder.assetcatalog; path = Assets.xcassets; sourceTree = "<group>"; };
		C635D95323B7D2D300E97F84 /* Base */ = {isa = PBXFileReference; lastKnownFileType = file.storyboard; name = Base; path = Base.lproj/LaunchScreen.storyboard; sourceTree = "<group>"; };
		C635D95523B7D2D300E97F84 /* Info.plist */ = {isa = PBXFileReference; lastKnownFileType = text.plist.xml; path = Info.plist; sourceTree = "<group>"; };
		C635D95A23B7D2D300E97F84 /* ArtFinderTests.xctest */ = {isa = PBXFileReference; explicitFileType = wrapper.cfbundle; includeInIndex = 0; path = ArtFinderTests.xctest; sourceTree = BUILT_PRODUCTS_DIR; };
		C635D95E23B7D2D300E97F84 /* ArtFinderTests.swift */ = {isa = PBXFileReference; lastKnownFileType = sourcecode.swift; path = ArtFinderTests.swift; sourceTree = "<group>"; };
		C635D96023B7D2D300E97F84 /* Info.plist */ = {isa = PBXFileReference; lastKnownFileType = text.plist.xml; path = Info.plist; sourceTree = "<group>"; };
		C635D96923B7E5CF00E97F84 /* ArtistResults.swift */ = {isa = PBXFileReference; lastKnownFileType = sourcecode.swift; path = ArtistResults.swift; sourceTree = "<group>"; };
		C635D96B23B7E90600E97F84 /* ArtistInfo.swift */ = {isa = PBXFileReference; lastKnownFileType = sourcecode.swift; path = ArtistInfo.swift; sourceTree = "<group>"; };
		C635D96D23B80E0700E97F84 /* Artwork.swift */ = {isa = PBXFileReference; lastKnownFileType = sourcecode.swift; path = Artwork.swift; sourceTree = "<group>"; };
		C635D97023B811BD00E97F84 /* NetworkHelper.swift */ = {isa = PBXFileReference; lastKnownFileType = sourcecode.swift; path = NetworkHelper.swift; sourceTree = "<group>"; };
		C635D97323B8121200E97F84 /* AppError.swift */ = {isa = PBXFileReference; lastKnownFileType = sourcecode.swift; path = AppError.swift; sourceTree = "<group>"; };
		C635D97523B8129000E97F84 /* ShowAlert.swift */ = {isa = PBXFileReference; lastKnownFileType = sourcecode.swift; path = ShowAlert.swift; sourceTree = "<group>"; };
		C635D97723B8131500E97F84 /* ImageViewExt.swift */ = {isa = PBXFileReference; lastKnownFileType = sourcecode.swift; path = ImageViewExt.swift; sourceTree = "<group>"; };
		C635D97923B8134A00E97F84 /* ArtFinderAPIClient.swift */ = {isa = PBXFileReference; lastKnownFileType = sourcecode.swift; path = ArtFinderAPIClient.swift; sourceTree = "<group>"; };
		C6597E0C23BAA41F00F2F48B /* SearchCell.swift */ = {isa = PBXFileReference; lastKnownFileType = sourcecode.swift; path = SearchCell.swift; sourceTree = "<group>"; };
/* End PBXFileReference section */

/* Begin PBXFrameworksBuildPhase section */
		C635D94123B7D2CF00E97F84 /* Frameworks */ = {
			isa = PBXFrameworksBuildPhase;
			buildActionMask = 2147483647;
			files = (
			);
			runOnlyForDeploymentPostprocessing = 0;
		};
		C635D95723B7D2D300E97F84 /* Frameworks */ = {
			isa = PBXFrameworksBuildPhase;
			buildActionMask = 2147483647;
			files = (
			);
			runOnlyForDeploymentPostprocessing = 0;
		};
/* End PBXFrameworksBuildPhase section */

/* Begin PBXGroup section */
		C635D93B23B7D2CF00E97F84 = {
			isa = PBXGroup;
			children = (
				C635D94623B7D2CF00E97F84 /* ArtFinder */,
				C635D95D23B7D2D300E97F84 /* ArtFinderTests */,
				C635D94523B7D2CF00E97F84 /* Products */,
			);
			sourceTree = "<group>";
		};
		C635D94523B7D2CF00E97F84 /* Products */ = {
			isa = PBXGroup;
			children = (
				C635D94423B7D2CF00E97F84 /* ArtFinder.app */,
				C635D95A23B7D2D300E97F84 /* ArtFinderTests.xctest */,
			);
			name = Products;
			sourceTree = "<group>";
		};
		C635D94623B7D2CF00E97F84 /* ArtFinder */ = {
			isa = PBXGroup;
			children = (
				C635D94723B7D2CF00E97F84 /* AppDelegate.swift */,
				C635D94923B7D2CF00E97F84 /* SceneDelegate.swift */,
				C635D97223B811CE00E97F84 /* Network Services + Ext */,
				C635D96F23B8102400E97F84 /* Model */,
				C635D97B23BAA20100E97F84 /* ViewControllers */,
				C635D94D23B7D2CF00E97F84 /* Main.storyboard */,
				C635D95023B7D2D300E97F84 /* Assets.xcassets */,
				C635D95223B7D2D300E97F84 /* LaunchScreen.storyboard */,
				C635D95523B7D2D300E97F84 /* Info.plist */,
			);
			path = ArtFinder;
			sourceTree = "<group>";
		};
		C635D95D23B7D2D300E97F84 /* ArtFinderTests */ = {
			isa = PBXGroup;
			children = (
				C635D95E23B7D2D300E97F84 /* ArtFinderTests.swift */,
				C635D96023B7D2D300E97F84 /* Info.plist */,
			);
			path = ArtFinderTests;
			sourceTree = "<group>";
		};
		C635D96F23B8102400E97F84 /* Model */ = {
			isa = PBXGroup;
			children = (
				C635D96923B7E5CF00E97F84 /* ArtistResults.swift */,
				C635D96B23B7E90600E97F84 /* ArtistInfo.swift */,
				C635D96D23B80E0700E97F84 /* Artwork.swift */,
			);
			path = Model;
			sourceTree = "<group>";
		};
		C635D97223B811CE00E97F84 /* Network Services + Ext */ = {
			isa = PBXGroup;
			children = (
				C635D97023B811BD00E97F84 /* NetworkHelper.swift */,
				C635D97323B8121200E97F84 /* AppError.swift */,
				C635D97523B8129000E97F84 /* ShowAlert.swift */,
				C635D97723B8131500E97F84 /* ImageViewExt.swift */,
				C635D97923B8134A00E97F84 /* ArtFinderAPIClient.swift */,
			);
			path = "Network Services + Ext";
			sourceTree = "<group>";
		};
		C635D97B23BAA20100E97F84 /* ViewControllers */ = {
			isa = PBXGroup;
			children = (
				C635D94B23B7D2CF00E97F84 /* SearchViewController.swift */,
				C6597E0C23BAA41F00F2F48B /* SearchCell.swift */,
				C6141BAF23BBBE53002D576B /* ArtistViewController.swift */,
				C6141BB123BBC34E002D576B /* ArtistCell.swift */,
			);
			path = ViewControllers;
			sourceTree = "<group>";
		};
/* End PBXGroup section */

/* Begin PBXNativeTarget section */
		C635D94323B7D2CF00E97F84 /* ArtFinder */ = {
			isa = PBXNativeTarget;
			buildConfigurationList = C635D96323B7D2D300E97F84 /* Build configuration list for PBXNativeTarget "ArtFinder" */;
			buildPhases = (
				C635D94023B7D2CF00E97F84 /* Sources */,
				C635D94123B7D2CF00E97F84 /* Frameworks */,
				C635D94223B7D2CF00E97F84 /* Resources */,
			);
			buildRules = (
			);
			dependencies = (
			);
			name = ArtFinder;
			productName = ArtFinder;
			productReference = C635D94423B7D2CF00E97F84 /* ArtFinder.app */;
			productType = "com.apple.product-type.application";
		};
		C635D95923B7D2D300E97F84 /* ArtFinderTests */ = {
			isa = PBXNativeTarget;
			buildConfigurationList = C635D96623B7D2D300E97F84 /* Build configuration list for PBXNativeTarget "ArtFinderTests" */;
			buildPhases = (
				C635D95623B7D2D300E97F84 /* Sources */,
				C635D95723B7D2D300E97F84 /* Frameworks */,
				C635D95823B7D2D300E97F84 /* Resources */,
			);
			buildRules = (
			);
			dependencies = (
				C635D95C23B7D2D300E97F84 /* PBXTargetDependency */,
			);
			name = ArtFinderTests;
			productName = ArtFinderTests;
			productReference = C635D95A23B7D2D300E97F84 /* ArtFinderTests.xctest */;
			productType = "com.apple.product-type.bundle.unit-test";
		};
/* End PBXNativeTarget section */

/* Begin PBXProject section */
		C635D93C23B7D2CF00E97F84 /* Project object */ = {
			isa = PBXProject;
			attributes = {
				LastSwiftUpdateCheck = 1130;
				LastUpgradeCheck = 1130;
				ORGANIZATIONNAME = "casandra grullon";
				TargetAttributes = {
					C635D94323B7D2CF00E97F84 = {
						CreatedOnToolsVersion = 11.3;
					};
					C635D95923B7D2D300E97F84 = {
						CreatedOnToolsVersion = 11.3;
						TestTargetID = C635D94323B7D2CF00E97F84;
					};
				};
			};
			buildConfigurationList = C635D93F23B7D2CF00E97F84 /* Build configuration list for PBXProject "ArtFinder" */;
			compatibilityVersion = "Xcode 9.3";
			developmentRegion = en;
			hasScannedForEncodings = 0;
			knownRegions = (
				en,
				Base,
			);
			mainGroup = C635D93B23B7D2CF00E97F84;
			productRefGroup = C635D94523B7D2CF00E97F84 /* Products */;
			projectDirPath = "";
			projectRoot = "";
			targets = (
				C635D94323B7D2CF00E97F84 /* ArtFinder */,
				C635D95923B7D2D300E97F84 /* ArtFinderTests */,
			);
		};
/* End PBXProject section */

/* Begin PBXResourcesBuildPhase section */
		C635D94223B7D2CF00E97F84 /* Resources */ = {
			isa = PBXResourcesBuildPhase;
			buildActionMask = 2147483647;
			files = (
				C635D95423B7D2D300E97F84 /* LaunchScreen.storyboard in Resources */,
				C635D95123B7D2D300E97F84 /* Assets.xcassets in Resources */,
				C635D94F23B7D2CF00E97F84 /* Main.storyboard in Resources */,
			);
			runOnlyForDeploymentPostprocessing = 0;
		};
		C635D95823B7D2D300E97F84 /* Resources */ = {
			isa = PBXResourcesBuildPhase;
			buildActionMask = 2147483647;
			files = (
			);
			runOnlyForDeploymentPostprocessing = 0;
		};
/* End PBXResourcesBuildPhase section */

/* Begin PBXSourcesBuildPhase section */
		C635D94023B7D2CF00E97F84 /* Sources */ = {
			isa = PBXSourcesBuildPhase;
			buildActionMask = 2147483647;
			files = (
				C635D97123B811BD00E97F84 /* NetworkHelper.swift in Sources */,
				C6597E0D23BAA41F00F2F48B /* SearchCell.swift in Sources */,
				C6141BB223BBC34E002D576B /* ArtistCell.swift in Sources */,
				C635D96E23B80E0700E97F84 /* Artwork.swift in Sources */,
				C635D94C23B7D2CF00E97F84 /* SearchViewController.swift in Sources */,
				C635D94823B7D2CF00E97F84 /* AppDelegate.swift in Sources */,
				C635D97623B8129000E97F84 /* ShowAlert.swift in Sources */,
				C6141BB023BBBE53002D576B /* ArtistViewController.swift in Sources */,
				C635D97423B8121200E97F84 /* AppError.swift in Sources */,
				C635D96A23B7E5CF00E97F84 /* ArtistResults.swift in Sources */,
				C635D97A23B8134A00E97F84 /* ArtFinderAPIClient.swift in Sources */,
				C635D96C23B7E90600E97F84 /* ArtistInfo.swift in Sources */,
				C635D97823B8131500E97F84 /* ImageViewExt.swift in Sources */,
				C635D94A23B7D2CF00E97F84 /* SceneDelegate.swift in Sources */,
			);
			runOnlyForDeploymentPostprocessing = 0;
		};
		C635D95623B7D2D300E97F84 /* Sources */ = {
			isa = PBXSourcesBuildPhase;
			buildActionMask = 2147483647;
			files = (
				C635D95F23B7D2D300E97F84 /* ArtFinderTests.swift in Sources */,
			);
			runOnlyForDeploymentPostprocessing = 0;
		};
/* End PBXSourcesBuildPhase section */

/* Begin PBXTargetDependency section */
		C635D95C23B7D2D300E97F84 /* PBXTargetDependency */ = {
			isa = PBXTargetDependency;
			target = C635D94323B7D2CF00E97F84 /* ArtFinder */;
			targetProxy = C635D95B23B7D2D300E97F84 /* PBXContainerItemProxy */;
		};
/* End PBXTargetDependency section */

/* Begin PBXVariantGroup section */
		C635D94D23B7D2CF00E97F84 /* Main.storyboard */ = {
			isa = PBXVariantGroup;
			children = (
				C635D94E23B7D2CF00E97F84 /* Base */,
			);
			name = Main.storyboard;
			sourceTree = "<group>";
		};
		C635D95223B7D2D300E97F84 /* LaunchScreen.storyboard */ = {
			isa = PBXVariantGroup;
			children = (
				C635D95323B7D2D300E97F84 /* Base */,
			);
			name = LaunchScreen.storyboard;
			sourceTree = "<group>";
		};
/* End PBXVariantGroup section */

/* Begin XCBuildConfiguration section */
		C635D96123B7D2D300E97F84 /* Debug */ = {
			isa = XCBuildConfiguration;
			buildSettings = {
				ALWAYS_SEARCH_USER_PATHS = NO;
				CLANG_ANALYZER_NONNULL = YES;
				CLANG_ANALYZER_NUMBER_OBJECT_CONVERSION = YES_AGGRESSIVE;
				CLANG_CXX_LANGUAGE_STANDARD = "gnu++14";
				CLANG_CXX_LIBRARY = "libc++";
				CLANG_ENABLE_MODULES = YES;
				CLANG_ENABLE_OBJC_ARC = YES;
				CLANG_ENABLE_OBJC_WEAK = YES;
				CLANG_WARN_BLOCK_CAPTURE_AUTORELEASING = YES;
				CLANG_WARN_BOOL_CONVERSION = YES;
				CLANG_WARN_COMMA = YES;
				CLANG_WARN_CONSTANT_CONVERSION = YES;
				CLANG_WARN_DEPRECATED_OBJC_IMPLEMENTATIONS = YES;
				CLANG_WARN_DIRECT_OBJC_ISA_USAGE = YES_ERROR;
				CLANG_WARN_DOCUMENTATION_COMMENTS = YES;
				CLANG_WARN_EMPTY_BODY = YES;
				CLANG_WARN_ENUM_CONVERSION = YES;
				CLANG_WARN_INFINITE_RECURSION = YES;
				CLANG_WARN_INT_CONVERSION = YES;
				CLANG_WARN_NON_LITERAL_NULL_CONVERSION = YES;
				CLANG_WARN_OBJC_IMPLICIT_RETAIN_SELF = YES;
				CLANG_WARN_OBJC_LITERAL_CONVERSION = YES;
				CLANG_WARN_OBJC_ROOT_CLASS = YES_ERROR;
				CLANG_WARN_RANGE_LOOP_ANALYSIS = YES;
				CLANG_WARN_STRICT_PROTOTYPES = YES;
				CLANG_WARN_SUSPICIOUS_MOVE = YES;
				CLANG_WARN_UNGUARDED_AVAILABILITY = YES_AGGRESSIVE;
				CLANG_WARN_UNREACHABLE_CODE = YES;
				CLANG_WARN__DUPLICATE_METHOD_MATCH = YES;
				COPY_PHASE_STRIP = NO;
				DEBUG_INFORMATION_FORMAT = dwarf;
				ENABLE_STRICT_OBJC_MSGSEND = YES;
				ENABLE_TESTABILITY = YES;
				GCC_C_LANGUAGE_STANDARD = gnu11;
				GCC_DYNAMIC_NO_PIC = NO;
				GCC_NO_COMMON_BLOCKS = YES;
				GCC_OPTIMIZATION_LEVEL = 0;
				GCC_PREPROCESSOR_DEFINITIONS = (
					"DEBUG=1",
					"$(inherited)",
				);
				GCC_WARN_64_TO_32_BIT_CONVERSION = YES;
				GCC_WARN_ABOUT_RETURN_TYPE = YES_ERROR;
				GCC_WARN_UNDECLARED_SELECTOR = YES;
				GCC_WARN_UNINITIALIZED_AUTOS = YES_AGGRESSIVE;
				GCC_WARN_UNUSED_FUNCTION = YES;
				GCC_WARN_UNUSED_VARIABLE = YES;
				IPHONEOS_DEPLOYMENT_TARGET = 13.2;
				MTL_ENABLE_DEBUG_INFO = INCLUDE_SOURCE;
				MTL_FAST_MATH = YES;
				ONLY_ACTIVE_ARCH = YES;
				SDKROOT = iphoneos;
				SWIFT_ACTIVE_COMPILATION_CONDITIONS = DEBUG;
				SWIFT_OPTIMIZATION_LEVEL = "-Onone";
			};
			name = Debug;
		};
		C635D96223B7D2D300E97F84 /* Release */ = {
			isa = XCBuildConfiguration;
			buildSettings = {
				ALWAYS_SEARCH_USER_PATHS = NO;
				CLANG_ANALYZER_NONNULL = YES;
				CLANG_ANALYZER_NUMBER_OBJECT_CONVERSION = YES_AGGRESSIVE;
				CLANG_CXX_LANGUAGE_STANDARD = "gnu++14";
				CLANG_CXX_LIBRARY = "libc++";
				CLANG_ENABLE_MODULES = YES;
				CLANG_ENABLE_OBJC_ARC = YES;
				CLANG_ENABLE_OBJC_WEAK = YES;
				CLANG_WARN_BLOCK_CAPTURE_AUTORELEASING = YES;
				CLANG_WARN_BOOL_CONVERSION = YES;
				CLANG_WARN_COMMA = YES;
				CLANG_WARN_CONSTANT_CONVERSION = YES;
				CLANG_WARN_DEPRECATED_OBJC_IMPLEMENTATIONS = YES;
				CLANG_WARN_DIRECT_OBJC_ISA_USAGE = YES_ERROR;
				CLANG_WARN_DOCUMENTATION_COMMENTS = YES;
				CLANG_WARN_EMPTY_BODY = YES;
				CLANG_WARN_ENUM_CONVERSION = YES;
				CLANG_WARN_INFINITE_RECURSION = YES;
				CLANG_WARN_INT_CONVERSION = YES;
				CLANG_WARN_NON_LITERAL_NULL_CONVERSION = YES;
				CLANG_WARN_OBJC_IMPLICIT_RETAIN_SELF = YES;
				CLANG_WARN_OBJC_LITERAL_CONVERSION = YES;
				CLANG_WARN_OBJC_ROOT_CLASS = YES_ERROR;
				CLANG_WARN_RANGE_LOOP_ANALYSIS = YES;
				CLANG_WARN_STRICT_PROTOTYPES = YES;
				CLANG_WARN_SUSPICIOUS_MOVE = YES;
				CLANG_WARN_UNGUARDED_AVAILABILITY = YES_AGGRESSIVE;
				CLANG_WARN_UNREACHABLE_CODE = YES;
				CLANG_WARN__DUPLICATE_METHOD_MATCH = YES;
				COPY_PHASE_STRIP = NO;
				DEBUG_INFORMATION_FORMAT = "dwarf-with-dsym";
				ENABLE_NS_ASSERTIONS = NO;
				ENABLE_STRICT_OBJC_MSGSEND = YES;
				GCC_C_LANGUAGE_STANDARD = gnu11;
				GCC_NO_COMMON_BLOCKS = YES;
				GCC_WARN_64_TO_32_BIT_CONVERSION = YES;
				GCC_WARN_ABOUT_RETURN_TYPE = YES_ERROR;
				GCC_WARN_UNDECLARED_SELECTOR = YES;
				GCC_WARN_UNINITIALIZED_AUTOS = YES_AGGRESSIVE;
				GCC_WARN_UNUSED_FUNCTION = YES;
				GCC_WARN_UNUSED_VARIABLE = YES;
				IPHONEOS_DEPLOYMENT_TARGET = 13.2;
				MTL_ENABLE_DEBUG_INFO = NO;
				MTL_FAST_MATH = YES;
				SDKROOT = iphoneos;
				SWIFT_COMPILATION_MODE = wholemodule;
				SWIFT_OPTIMIZATION_LEVEL = "-O";
				VALIDATE_PRODUCT = YES;
			};
			name = Release;
		};
		C635D96423B7D2D300E97F84 /* Debug */ = {
			isa = XCBuildConfiguration;
			buildSettings = {
				ASSETCATALOG_COMPILER_APPICON_NAME = AppIcon;
				CODE_SIGN_STYLE = Automatic;
				DEVELOPMENT_TEAM = JRUP55ZMLQ;
				INFOPLIST_FILE = ArtFinder/Info.plist;
				LD_RUNPATH_SEARCH_PATHS = (
					"$(inherited)",
					"@executable_path/Frameworks",
				);
				PRODUCT_BUNDLE_IDENTIFIER = com.casandragrullon.ArtFinder;
				PRODUCT_NAME = "$(TARGET_NAME)";
				SWIFT_VERSION = 5.0;
				TARGETED_DEVICE_FAMILY = "1,2";
			};
			name = Debug;
		};
		C635D96523B7D2D300E97F84 /* Release */ = {
			isa = XCBuildConfiguration;
			buildSettings = {
				ASSETCATALOG_COMPILER_APPICON_NAME = AppIcon;
				CODE_SIGN_STYLE = Automatic;
				DEVELOPMENT_TEAM = JRUP55ZMLQ;
				INFOPLIST_FILE = ArtFinder/Info.plist;
				LD_RUNPATH_SEARCH_PATHS = (
					"$(inherited)",
					"@executable_path/Frameworks",
				);
				PRODUCT_BUNDLE_IDENTIFIER = com.casandragrullon.ArtFinder;
				PRODUCT_NAME = "$(TARGET_NAME)";
				SWIFT_VERSION = 5.0;
				TARGETED_DEVICE_FAMILY = "1,2";
			};
			name = Release;
		};
		C635D96723B7D2D300E97F84 /* Debug */ = {
			isa = XCBuildConfiguration;
			buildSettings = {
				ALWAYS_EMBED_SWIFT_STANDARD_LIBRARIES = YES;
				BUNDLE_LOADER = "$(TEST_HOST)";
				CODE_SIGN_STYLE = Automatic;
				DEVELOPMENT_TEAM = JRUP55ZMLQ;
				INFOPLIST_FILE = ArtFinderTests/Info.plist;
				IPHONEOS_DEPLOYMENT_TARGET = 13.2;
				LD_RUNPATH_SEARCH_PATHS = (
					"$(inherited)",
					"@executable_path/Frameworks",
					"@loader_path/Frameworks",
				);
				PRODUCT_BUNDLE_IDENTIFIER = com.casandragrullon.ArtFinderTests;
				PRODUCT_NAME = "$(TARGET_NAME)";
				SWIFT_VERSION = 5.0;
				TARGETED_DEVICE_FAMILY = "1,2";
				TEST_HOST = "$(BUILT_PRODUCTS_DIR)/ArtFinder.app/ArtFinder";
			};
			name = Debug;
		};
		C635D96823B7D2D300E97F84 /* Release */ = {
			isa = XCBuildConfiguration;
			buildSettings = {
				ALWAYS_EMBED_SWIFT_STANDARD_LIBRARIES = YES;
				BUNDLE_LOADER = "$(TEST_HOST)";
				CODE_SIGN_STYLE = Automatic;
				DEVELOPMENT_TEAM = JRUP55ZMLQ;
				INFOPLIST_FILE = ArtFinderTests/Info.plist;
				IPHONEOS_DEPLOYMENT_TARGET = 13.2;
				LD_RUNPATH_SEARCH_PATHS = (
					"$(inherited)",
					"@executable_path/Frameworks",
					"@loader_path/Frameworks",
				);
				PRODUCT_BUNDLE_IDENTIFIER = com.casandragrullon.ArtFinderTests;
				PRODUCT_NAME = "$(TARGET_NAME)";
				SWIFT_VERSION = 5.0;
				TARGETED_DEVICE_FAMILY = "1,2";
				TEST_HOST = "$(BUILT_PRODUCTS_DIR)/ArtFinder.app/ArtFinder";
			};
			name = Release;
		};
/* End XCBuildConfiguration section */

/* Begin XCConfigurationList section */
		C635D93F23B7D2CF00E97F84 /* Build configuration list for PBXProject "ArtFinder" */ = {
			isa = XCConfigurationList;
			buildConfigurations = (
				C635D96123B7D2D300E97F84 /* Debug */,
				C635D96223B7D2D300E97F84 /* Release */,
			);
			defaultConfigurationIsVisible = 0;
			defaultConfigurationName = Release;
		};
		C635D96323B7D2D300E97F84 /* Build configuration list for PBXNativeTarget "ArtFinder" */ = {
			isa = XCConfigurationList;
			buildConfigurations = (
				C635D96423B7D2D300E97F84 /* Debug */,
				C635D96523B7D2D300E97F84 /* Release */,
			);
			defaultConfigurationIsVisible = 0;
			defaultConfigurationName = Release;
		};
		C635D96623B7D2D300E97F84 /* Build configuration list for PBXNativeTarget "ArtFinderTests" */ = {
			isa = XCConfigurationList;
			buildConfigurations = (
				C635D96723B7D2D300E97F84 /* Debug */,
				C635D96823B7D2D300E97F84 /* Release */,
			);
			defaultConfigurationIsVisible = 0;
			defaultConfigurationName = Release;
		};
/* End XCConfigurationList section */
	};
	rootObject = C635D93C23B7D2CF00E97F84 /* Project object */;
}
